{
  "name": "csv2json",
  "lockfileVersion": 3,
  "requires": true,
  "packages": {
    "": {
      "name": "csv2json",
      "dependencies": {
        "commander": "10.0.0",
        "csv-parse": "5.3.5"
      }
    },
    "node_modules/commander": {
      "version": "10.0.0",
      "resolved": "https://registry.npmjs.org/commander/-/commander-10.0.0.tgz",
      "integrity": "sha512-zS5PnTI22FIRM6ylNW8G4Ap0IEOyk62fhLSD0+uHRT9McRCLGpkVNvao4bjimpK/GShynyQkFFxHhwMcETmduA==",
      "engines": {
        "node": ">=14"
      }
    },
    "node_modules/csv-parse": {
      "version": "5.3.5",
      "resolved": "https://registry.npmjs.org/csv-parse/-/csv-parse-5.3.5.tgz",
      "integrity": "sha512-8O5KTIRtwmtD3+EVfW6BCgbwZqJbhTYsQZry12F1TP5RUp0sD9tp1UnCWic3n0mLOhzeocYaCZNYxOGSg3dmmQ=="
    }
  }
}
