{
	"name": "app",
	"version": "1.0.0",
	"lockfileVersion": 3,
	"requires": true,
	"packages": {
		"": {
			"name": "app",
			"version": "1.0.0",
			"dependencies": {
				"oracledb": "6.7.1",
				"prettier": "3.4.2"
			}
		},
		"node_modules/oracledb": {
			"version": "6.7.1",
			"resolved": "https://registry.npmjs.org/oracledb/-/oracledb-6.7.1.tgz",
			"integrity": "sha512-dOXqgJ8re9kw5Nv9zLlljhBcjsGCUELDD/VEecQlXl2R8IMNxJqdceR+VeKS4gAyVNzq0MOz45lXOiC8OqG1qw==",
			"hasInstallScript": true,
			"license": "(Apache-2.0 OR UPL-1.0)",
			"engines": {
				"node": ">=14.6"
			}
		},
		"node_modules/prettier": {
			"version": "3.4.2",
			"resolved": "https://registry.npmjs.org/prettier/-/prettier-3.4.2.tgz",
			"integrity": "sha512-e9MewbtFo+Fevyuxn/4rrcDAaq0IYxPGLvObpQjiZBMAzB9IGmzlnG9RZy3FFas+eBMu2vA0CszMeduow5dIuQ==",
			"license": "MIT",
			"bin": {
				"prettier": "bin/prettier.cjs"
			},
			"engines": {
				"node": ">=14"
			},
			"funding": {
				"url": "https://github.com/prettier/prettier?sponsor=1"
			}
		}
	}
}
